// !$*UTF8*$!
{
	archiveVersion = 1;
	classes = {
	};
	objectVersion = 56;
	objects = {

/* Begin PBXBuildFile section */
		3E2E1D5B295E1EA900AF5BDF /* box.png in Resources */ = {isa = PBXBuildFile; fileRef = 3E2E1D58295E1EA800AF5BDF /* box.png */; };
		3E2E1D5C295E1EA900AF5BDF /* wall.png in Resources */ = {isa = PBXBuildFile; fileRef = 3E2E1D59295E1EA800AF5BDF /* wall.png */; };
		3E2E1D5D295E1EA900AF5BDF /* tree.png in Resources */ = {isa = PBXBuildFile; fileRef = 3E2E1D5A295E1EA800AF5BDF /* tree.png */; };
		3EA41E312957602C0076FCDD /* Assets.xcassets in Resources */ = {isa = PBXBuildFile; fileRef = 3EA41E302957602C0076FCDD /* Assets.xcassets */; };
		3EA41E342957602D0076FCDD /* Main.storyboard in Resources */ = {isa = PBXBuildFile; fileRef = 3EA41E322957602D0076FCDD /* Main.storyboard */; };
		3EA41E672957613E0076FCDD /* liballegro_main.5.2.9.dylib in Frameworks */ = {isa = PBXBuildFile; fileRef = 3EA41E5A295761390076FCDD /* liballegro_main.5.2.9.dylib */; };
		3EA41E682957613E0076FCDD /* liballegro_main.5.2.9.dylib in Embed Libraries */ = {isa = PBXBuildFile; fileRef = 3EA41E5A295761390076FCDD /* liballegro_main.5.2.9.dylib */; settings = {ATTRIBUTES = (CodeSignOnCopy, ); }; };
		3EA41E692957613E0076FCDD /* liballegro_audio.5.2.9.dylib in Frameworks */ = {isa = PBXBuildFile; fileRef = 3EA41E5B295761390076FCDD /* liballegro_audio.5.2.9.dylib */; };
		3EA41E6A2957613E0076FCDD /* liballegro_audio.5.2.9.dylib in Embed Libraries */ = {isa = PBXBuildFile; fileRef = 3EA41E5B295761390076FCDD /* liballegro_audio.5.2.9.dylib */; settings = {ATTRIBUTES = (CodeSignOnCopy, ); }; };
		3EA41E6B2957613F0076FCDD /* liballegro_color.5.2.9.dylib in Frameworks */ = {isa = PBXBuildFile; fileRef = 3EA41E5C2957613A0076FCDD /* liballegro_color.5.2.9.dylib */; };
		3EA41E6C2957613F0076FCDD /* liballegro_color.5.2.9.dylib in Embed Libraries */ = {isa = PBXBuildFile; fileRef = 3EA41E5C2957613A0076FCDD /* liballegro_color.5.2.9.dylib */; settings = {ATTRIBUTES = (CodeSignOnCopy, ); }; };
		3EA41E6D2957613F0076FCDD /* liballegro_acodec.5.2.9.dylib in Frameworks */ = {isa = PBXBuildFile; fileRef = 3EA41E5D2957613A0076FCDD /* liballegro_acodec.5.2.9.dylib */; };
		3EA41E6E295761400076FCDD /* liballegro_acodec.5.2.9.dylib in Embed Libraries */ = {isa = PBXBuildFile; fileRef = 3EA41E5D2957613A0076FCDD /* liballegro_acodec.5.2.9.dylib */; settings = {ATTRIBUTES = (CodeSignOnCopy, ); }; };
		3EA41E6F295761400076FCDD /* liballegro_ttf.5.2.9.dylib in Frameworks */ = {isa = PBXBuildFile; fileRef = 3EA41E5E2957613B0076FCDD /* liballegro_ttf.5.2.9.dylib */; };
		3EA41E70295761410076FCDD /* liballegro_ttf.5.2.9.dylib in Embed Libraries */ = {isa = PBXBuildFile; fileRef = 3EA41E5E2957613B0076FCDD /* liballegro_ttf.5.2.9.dylib */; settings = {ATTRIBUTES = (CodeSignOnCopy, ); }; };
		3EA41E71295761410076FCDD /* liballegro_video.5.2.9.dylib in Frameworks */ = {isa = PBXBuildFile; fileRef = 3EA41E5F2957613B0076FCDD /* liballegro_video.5.2.9.dylib */; };
		3EA41E72295761420076FCDD /* liballegro_video.5.2.9.dylib in Embed Libraries */ = {isa = PBXBuildFile; fileRef = 3EA41E5F2957613B0076FCDD /* liballegro_video.5.2.9.dylib */; settings = {ATTRIBUTES = (CodeSignOnCopy, ); }; };
		3EA41E73295761420076FCDD /* liballegro_dialog.5.2.9.dylib in Frameworks */ = {isa = PBXBuildFile; fileRef = 3EA41E602957613B0076FCDD /* liballegro_dialog.5.2.9.dylib */; };
		3EA41E74295761430076FCDD /* liballegro_dialog.5.2.9.dylib in Embed Libraries */ = {isa = PBXBuildFile; fileRef = 3EA41E602957613B0076FCDD /* liballegro_dialog.5.2.9.dylib */; settings = {ATTRIBUTES = (CodeSignOnCopy, ); }; };
		3EA41E75295761430076FCDD /* liballegro.5.2.9.dylib in Frameworks */ = {isa = PBXBuildFile; fileRef = 3EA41E612957613C0076FCDD /* liballegro.5.2.9.dylib */; };
		3EA41E76295761440076FCDD /* liballegro.5.2.9.dylib in Embed Libraries */ = {isa = PBXBuildFile; fileRef = 3EA41E612957613C0076FCDD /* liballegro.5.2.9.dylib */; settings = {ATTRIBUTES = (CodeSignOnCopy, ); }; };
		3EA41E77295761450076FCDD /* liballegro_image.5.2.9.dylib in Frameworks */ = {isa = PBXBuildFile; fileRef = 3EA41E622957613C0076FCDD /* liballegro_image.5.2.9.dylib */; };
		3EA41E78295761460076FCDD /* liballegro_image.5.2.9.dylib in Embed Libraries */ = {isa = PBXBuildFile; fileRef = 3EA41E622957613C0076FCDD /* liballegro_image.5.2.9.dylib */; settings = {ATTRIBUTES = (CodeSignOnCopy, ); }; };
		3EA41E79295761470076FCDD /* liballegro_font.5.2.9.dylib in Frameworks */ = {isa = PBXBuildFile; fileRef = 3EA41E632957613D0076FCDD /* liballegro_font.5.2.9.dylib */; };
		3EA41E7A295761480076FCDD /* liballegro_font.5.2.9.dylib in Embed Libraries */ = {isa = PBXBuildFile; fileRef = 3EA41E632957613D0076FCDD /* liballegro_font.5.2.9.dylib */; settings = {ATTRIBUTES = (CodeSignOnCopy, ); }; };
		3EA41E7B295761480076FCDD /* liballegro_primitives.5.2.9.dylib in Frameworks */ = {isa = PBXBuildFile; fileRef = 3EA41E642957613D0076FCDD /* liballegro_primitives.5.2.9.dylib */; };
		3EA41E7C295761490076FCDD /* liballegro_primitives.5.2.9.dylib in Embed Libraries */ = {isa = PBXBuildFile; fileRef = 3EA41E642957613D0076FCDD /* liballegro_primitives.5.2.9.dylib */; settings = {ATTRIBUTES = (CodeSignOnCopy, ); }; };
		3EA41E7D2957614A0076FCDD /* liballegro_physfs.5.2.9.dylib in Frameworks */ = {isa = PBXBuildFile; fileRef = 3EA41E652957613D0076FCDD /* liballegro_physfs.5.2.9.dylib */; };
		3EA41E7E2957614B0076FCDD /* liballegro_physfs.5.2.9.dylib in Embed Libraries */ = {isa = PBXBuildFile; fileRef = 3EA41E652957613D0076FCDD /* liballegro_physfs.5.2.9.dylib */; settings = {ATTRIBUTES = (CodeSignOnCopy, ); }; };
		3EA41E7F2957614D0076FCDD /* liballegro_memfile.5.2.9.dylib in Frameworks */ = {isa = PBXBuildFile; fileRef = 3EA41E662957613E0076FCDD /* liballegro_memfile.5.2.9.dylib */; };
		3EA41E802957614E0076FCDD /* liballegro_memfile.5.2.9.dylib in Embed Libraries */ = {isa = PBXBuildFile; fileRef = 3EA41E662957613E0076FCDD /* liballegro_memfile.5.2.9.dylib */; settings = {ATTRIBUTES = (CodeSignOnCopy, ); }; };
		3EA41EC1295761AF0076FCDD /* doxygen in Resources */ = {isa = PBXBuildFile; fileRef = 3EA41E83295761A80076FCDD /* doxygen */; };
		3EA41EC2295761AF0076FCDD /* LEVEL4.txt in Resources */ = {isa = PBXBuildFile; fileRef = 3EA41E84295761A80076FCDD /* LEVEL4.txt */; };
		3EA41EC3295761AF0076FCDD /* CaveMan in Resources */ = {isa = PBXBuildFile; fileRef = 3EA41E86295761A90076FCDD /* CaveMan */; };
		3EA41EC4295761AF0076FCDD /* SelectScene in Resources */ = {isa = PBXBuildFile; fileRef = 3EA41E87295761A90076FCDD /* SelectScene */; };
		3EA41EC5295761AF0076FCDD /* Dancing.otf in Resources */ = {isa = PBXBuildFile; fileRef = 3EA41E89295761A90076FCDD /* Dancing.otf */; };
		3EA41EC6295761AF0076FCDD /* Arrow.wav in Resources */ = {isa = PBXBuildFile; fileRef = 3EA41E8A295761A90076FCDD /* Arrow.wav */; };
		3EA41EC7295761AF0076FCDD /* Claw in Resources */ = {isa = PBXBuildFile; fileRef = 3EA41E8B295761A90076FCDD /* Claw */; };
		3EA41EC8295761AF0076FCDD /* Bebas.ttf in Resources */ = {isa = PBXBuildFile; fileRef = 3EA41E8C295761A90076FCDD /* Bebas.ttf */; };
		3EA41EC9295761AF0076FCDD /* SettingScene in Resources */ = {isa = PBXBuildFile; fileRef = 3EA41E8D295761A90076FCDD /* SettingScene */; };
		3EA41ECA295761AF0076FCDD /* RedDragon in Resources */ = {isa = PBXBuildFile; fileRef = 3EA41E8E295761A90076FCDD /* RedDragon */; };
		3EA41ECB295761AF0076FCDD /* Monster.cpp in Sources */ = {isa = PBXBuildFile; fileRef = 3EA41E8F295761A90076FCDD /* Monster.cpp */; };
		3EA41ECC295761AF0076FCDD /* TowerGame.cbp in Resources */ = {isa = PBXBuildFile; fileRef = 3EA41E90295761AA0076FCDD /* TowerGame.cbp */; };
		3EA41ECD295761AF0076FCDD /* Level.cpp in Sources */ = {isa = PBXBuildFile; fileRef = 3EA41E91295761AA0076FCDD /* Level.cpp */; };
		3EA41ECE295761AF0076FCDD /* Tower.cpp in Sources */ = {isa = PBXBuildFile; fileRef = 3EA41E92295761AA0076FCDD /* Tower.cpp */; };
		3EA41ECF295761AF0076FCDD /* global.cpp in Sources */ = {isa = PBXBuildFile; fileRef = 3EA41E94295761AA0076FCDD /* global.cpp */; };
		3EA41ED0295761AF0076FCDD /* DemonNijia in Resources */ = {isa = PBXBuildFile; fileRef = 3EA41E95295761AA0076FCDD /* DemonNijia */; };
		3EA41ED1295761AF0076FCDD /* Slider.cpp in Sources */ = {isa = PBXBuildFile; fileRef = 3EA41E96295761AA0076FCDD /* Slider.cpp */; };
		3EA41ED2295761AF0076FCDD /* pirulen.ttf in Resources */ = {isa = PBXBuildFile; fileRef = 3EA41E97295761AA0076FCDD /* pirulen.ttf */; };
		3EA41ED3295761AF0076FCDD /* Attack.cpp in Sources */ = {isa = PBXBuildFile; fileRef = 3EA41E98295761AA0076FCDD /* Attack.cpp */; };
		3EA41ED4295761AF0076FCDD /* note.txt in Resources */ = {isa = PBXBuildFile; fileRef = 3EA41E9A295761AB0076FCDD /* note.txt */; };
		3EA41ED5295761AF0076FCDD /* LEVEL2.txt in Resources */ = {isa = PBXBuildFile; fileRef = 3EA41E9B295761AB0076FCDD /* LEVEL2.txt */; };
		3EA41ED6295761AF0076FCDD /* obj in Resources */ = {isa = PBXBuildFile; fileRef = 3EA41E9C295761AB0076FCDD /* obj */; };
		3EA41ED7295761AF0076FCDD /* StartBackground.jpg in Resources */ = {isa = PBXBuildFile; fileRef = 3EA41E9E295761AB0076FCDD /* StartBackground.jpg */; };
		3EA41ED8295761AF0076FCDD /* BackgroundMusic.ogg in Resources */ = {isa = PBXBuildFile; fileRef = 3EA41EA0295761AC0076FCDD /* BackgroundMusic.ogg */; };
		3EA41ED9295761AF0076FCDD /* level_fail.wav in Resources */ = {isa = PBXBuildFile; fileRef = 3EA41EA1295761AC0076FCDD /* level_fail.wav */; };
		3EA41EDA295761AF0076FCDD /* Wolf in Resources */ = {isa = PBXBuildFile; fileRef = 3EA41EA2295761AC0076FCDD /* Wolf */; };
		3EA41EDB295761AF0076FCDD /* map.jpg in Resources */ = {isa = PBXBuildFile; fileRef = 3EA41EA4295761AC0076FCDD /* map.jpg */; };
		3EA41EDC295761AF0076FCDD /* Circle.cpp in Sources */ = {isa = PBXBuildFile; fileRef = 3EA41EA5295761AC0076FCDD /* Circle.cpp */; };
		3EA41EDD295761AF0076FCDD /* Menu.cpp in Sources */ = {isa = PBXBuildFile; fileRef = 3EA41EA6295761AC0076FCDD /* Menu.cpp */; };
		3EA41EDE295761AF0076FCDD /* WolfKnight in Resources */ = {isa = PBXBuildFile; fileRef = 3EA41EA7295761AC0076FCDD /* WolfKnight */; };
		3EA41EDF295761AF0076FCDD /* Tower in Resources */ = {isa = PBXBuildFile; fileRef = 3EA41EA8295761AD0076FCDD /* Tower */; };
		3EA41EE0295761AF0076FCDD /* GameWindow.cpp in Sources */ = {isa = PBXBuildFile; fileRef = 3EA41EAB295761AD0076FCDD /* GameWindow.cpp */; };
		3EA41EE1295761AF0076FCDD /* BlackDragon in Resources */ = {isa = PBXBuildFile; fileRef = 3EA41EAD295761AD0076FCDD /* BlackDragon */; };
		3EA41EE2295761AF0076FCDD /* Material in Resources */ = {isa = PBXBuildFile; fileRef = 3EA41EAE295761AD0076FCDD /* Material */; };
		3EA41EE3295761AF0076FCDD /* icon.png in Resources */ = {isa = PBXBuildFile; fileRef = 3EA41EB2295761AE0076FCDD /* icon.png */; };
		3EA41EE4295761AF0076FCDD /* growl.wav in Resources */ = {isa = PBXBuildFile; fileRef = 3EA41EB3295761AE0076FCDD /* growl.wav */; };
		3EA41EE5295761AF0076FCDD /* Main.cpp in Sources */ = {isa = PBXBuildFile; fileRef = 3EA41EB5295761AE0076FCDD /* Main.cpp */; };
		3EA41EE6295761AF0076FCDD /* level_clear.wav in Resources */ = {isa = PBXBuildFile; fileRef = 3EA41EB8295761AE0076FCDD /* level_clear.wav */; };
		3EA41EE7295761AF0076FCDD /* Eagle in Resources */ = {isa = PBXBuildFile; fileRef = 3EA41EB9295761AE0076FCDD /* Eagle */; };
		3EA41EE8295761AF0076FCDD /* map_small.jpg in Resources */ = {isa = PBXBuildFile; fileRef = 3EA41EBB295761AE0076FCDD /* map_small.jpg */; };
		3EA41EE9295761AF0076FCDD /* StartScene in Resources */ = {isa = PBXBuildFile; fileRef = 3EA41EBC295761AF0076FCDD /* StartScene */; };
		3EA41EEA295761AF0076FCDD /* LEVEL1.txt in Resources */ = {isa = PBXBuildFile; fileRef = 3EA41EBD295761AF0076FCDD /* LEVEL1.txt */; };
		3EA41EEB295761AF0076FCDD /* Caviar_Dreams_Bold.ttf in Resources */ = {isa = PBXBuildFile; fileRef = 3EA41EBE295761AF0076FCDD /* Caviar_Dreams_Bold.ttf */; };
		3EA41EEC295761AF0076FCDD /* LEVEL3.txt in Resources */ = {isa = PBXBuildFile; fileRef = 3EA41EC0295761AF0076FCDD /* LEVEL3.txt */; };
/* End PBXBuildFile section */

/* Begin PBXContainerItemProxy section */
		3EA41E3D2957602D0076FCDD /* PBXContainerItemProxy */ = {
			isa = PBXContainerItemProxy;
			containerPortal = 3EA41E1F2957602B0076FCDD /* Project object */;
			proxyType = 1;
			remoteGlobalIDString = 3EA41E262957602B0076FCDD;
			remoteInfo = BBW;
		};
		3EA41E472957602D0076FCDD /* PBXContainerItemProxy */ = {
			isa = PBXContainerItemProxy;
			containerPortal = 3EA41E1F2957602B0076FCDD /* Project object */;
			proxyType = 1;
			remoteGlobalIDString = 3EA41E262957602B0076FCDD;
			remoteInfo = BBW;
		};
/* End PBXContainerItemProxy section */

/* Begin PBXCopyFilesBuildPhase section */
		3EA41E812957614F0076FCDD /* Embed Libraries */ = {
			isa = PBXCopyFilesBuildPhase;
			buildActionMask = 2147483647;
			dstPath = "";
			dstSubfolderSpec = 10;
			files = (
				3EA41E6E295761400076FCDD /* liballegro_acodec.5.2.9.dylib in Embed Libraries */,
				3EA41E74295761430076FCDD /* liballegro_dialog.5.2.9.dylib in Embed Libraries */,
				3EA41E7A295761480076FCDD /* liballegro_font.5.2.9.dylib in Embed Libraries */,
				3EA41E6A2957613E0076FCDD /* liballegro_audio.5.2.9.dylib in Embed Libraries */,
				3EA41E7C295761490076FCDD /* liballegro_primitives.5.2.9.dylib in Embed Libraries */,
				3EA41E78295761460076FCDD /* liballegro_image.5.2.9.dylib in Embed Libraries */,
				3EA41E7E2957614B0076FCDD /* liballegro_physfs.5.2.9.dylib in Embed Libraries */,
				3EA41E682957613E0076FCDD /* liballegro_main.5.2.9.dylib in Embed Libraries */,
				3EA41E70295761410076FCDD /* liballegro_ttf.5.2.9.dylib in Embed Libraries */,
				3EA41E6C2957613F0076FCDD /* liballegro_color.5.2.9.dylib in Embed Libraries */,
				3EA41E72295761420076FCDD /* liballegro_video.5.2.9.dylib in Embed Libraries */,
				3EA41E802957614E0076FCDD /* liballegro_memfile.5.2.9.dylib in Embed Libraries */,
				3EA41E76295761440076FCDD /* liballegro.5.2.9.dylib in Embed Libraries */,
			);
			name = "Embed Libraries";
			runOnlyForDeploymentPostprocessing = 0;
		};
/* End PBXCopyFilesBuildPhase section */

/* Begin PBXFileReference section */
		3E2E1D58295E1EA800AF5BDF /* box.png */ = {isa = PBXFileReference; lastKnownFileType = image.png; name = box.png; path = ../../box.png; sourceTree = "<group>"; };
		3E2E1D59295E1EA800AF5BDF /* wall.png */ = {isa = PBXFileReference; lastKnownFileType = image.png; name = wall.png; path = ../../wall.png; sourceTree = "<group>"; };
		3E2E1D5A295E1EA800AF5BDF /* tree.png */ = {isa = PBXFileReference; lastKnownFileType = image.png; name = tree.png; path = ../../tree.png; sourceTree = "<group>"; };
		3EA41E272957602B0076FCDD /* BBW.app */ = {isa = PBXFileReference; explicitFileType = wrapper.application; includeInIndex = 0; path = BBW.app; sourceTree = BUILT_PRODUCTS_DIR; };
		3EA41E302957602C0076FCDD /* Assets.xcassets */ = {isa = PBXFileReference; lastKnownFileType = folder.assetcatalog; path = Assets.xcassets; sourceTree = "<group>"; };
		3EA41E332957602D0076FCDD /* Base */ = {isa = PBXFileReference; lastKnownFileType = file.storyboard; name = Base; path = Base.lproj/Main.storyboard; sourceTree = "<group>"; };
		3EA41E372957602D0076FCDD /* BBW.entitlements */ = {isa = PBXFileReference; lastKnownFileType = text.plist.entitlements; path = BBW.entitlements; sourceTree = "<group>"; };
		3EA41E3C2957602D0076FCDD /* BBWTests.xctest */ = {isa = PBXFileReference; explicitFileType = wrapper.cfbundle; includeInIndex = 0; path = BBWTests.xctest; sourceTree = BUILT_PRODUCTS_DIR; };
		3EA41E462957602D0076FCDD /* BBWUITests.xctest */ = {isa = PBXFileReference; explicitFileType = wrapper.cfbundle; includeInIndex = 0; path = BBWUITests.xctest; sourceTree = BUILT_PRODUCTS_DIR; };
		3EA41E5A295761390076FCDD /* liballegro_main.5.2.9.dylib */ = {isa = PBXFileReference; lastKnownFileType = "compiled.mach-o.dylib"; name = liballegro_main.5.2.9.dylib; path = ../../../../usr/local/lib/liballegro_main.5.2.9.dylib; sourceTree = "<group>"; };
		3EA41E5B295761390076FCDD /* liballegro_audio.5.2.9.dylib */ = {isa = PBXFileReference; lastKnownFileType = "compiled.mach-o.dylib"; name = liballegro_audio.5.2.9.dylib; path = ../../../../usr/local/lib/liballegro_audio.5.2.9.dylib; sourceTree = "<group>"; };
		3EA41E5C2957613A0076FCDD /* liballegro_color.5.2.9.dylib */ = {isa = PBXFileReference; lastKnownFileType = "compiled.mach-o.dylib"; name = liballegro_color.5.2.9.dylib; path = ../../../../usr/local/lib/liballegro_color.5.2.9.dylib; sourceTree = "<group>"; };
		3EA41E5D2957613A0076FCDD /* liballegro_acodec.5.2.9.dylib */ = {isa = PBXFileReference; lastKnownFileType = "compiled.mach-o.dylib"; name = liballegro_acodec.5.2.9.dylib; path = ../../../../usr/local/lib/liballegro_acodec.5.2.9.dylib; sourceTree = "<group>"; };
		3EA41E5E2957613B0076FCDD /* liballegro_ttf.5.2.9.dylib */ = {isa = PBXFileReference; lastKnownFileType = "compiled.mach-o.dylib"; name = liballegro_ttf.5.2.9.dylib; path = ../../../../usr/local/lib/liballegro_ttf.5.2.9.dylib; sourceTree = "<group>"; };
		3EA41E5F2957613B0076FCDD /* liballegro_video.5.2.9.dylib */ = {isa = PBXFileReference; lastKnownFileType = "compiled.mach-o.dylib"; name = liballegro_video.5.2.9.dylib; path = ../../../../usr/local/lib/liballegro_video.5.2.9.dylib; sourceTree = "<group>"; };
		3EA41E602957613B0076FCDD /* liballegro_dialog.5.2.9.dylib */ = {isa = PBXFileReference; lastKnownFileType = "compiled.mach-o.dylib"; name = liballegro_dialog.5.2.9.dylib; path = ../../../../usr/local/lib/liballegro_dialog.5.2.9.dylib; sourceTree = "<group>"; };
		3EA41E612957613C0076FCDD /* liballegro.5.2.9.dylib */ = {isa = PBXFileReference; lastKnownFileType = "compiled.mach-o.dylib"; name = liballegro.5.2.9.dylib; path = ../../../../usr/local/lib/liballegro.5.2.9.dylib; sourceTree = "<group>"; };
		3EA41E622957613C0076FCDD /* liballegro_image.5.2.9.dylib */ = {isa = PBXFileReference; lastKnownFileType = "compiled.mach-o.dylib"; name = liballegro_image.5.2.9.dylib; path = ../../../../usr/local/lib/liballegro_image.5.2.9.dylib; sourceTree = "<group>"; };
		3EA41E632957613D0076FCDD /* liballegro_font.5.2.9.dylib */ = {isa = PBXFileReference; lastKnownFileType = "compiled.mach-o.dylib"; name = liballegro_font.5.2.9.dylib; path = ../../../../usr/local/lib/liballegro_font.5.2.9.dylib; sourceTree = "<group>"; };
		3EA41E642957613D0076FCDD /* liballegro_primitives.5.2.9.dylib */ = {isa = PBXFileReference; lastKnownFileType = "compiled.mach-o.dylib"; name = liballegro_primitives.5.2.9.dylib; path = ../../../../usr/local/lib/liballegro_primitives.5.2.9.dylib; sourceTree = "<group>"; };
		3EA41E652957613D0076FCDD /* liballegro_physfs.5.2.9.dylib */ = {isa = PBXFileReference; lastKnownFileType = "compiled.mach-o.dylib"; name = liballegro_physfs.5.2.9.dylib; path = ../../../../usr/local/lib/liballegro_physfs.5.2.9.dylib; sourceTree = "<group>"; };
		3EA41E662957613E0076FCDD /* liballegro_memfile.5.2.9.dylib */ = {isa = PBXFileReference; lastKnownFileType = "compiled.mach-o.dylib"; name = liballegro_memfile.5.2.9.dylib; path = ../../../../usr/local/lib/liballegro_memfile.5.2.9.dylib; sourceTree = "<group>"; };
		3EA41E82295761A80076FCDD /* Arcane.h */ = {isa = PBXFileReference; fileEncoding = 4; lastKnownFileType = sourcecode.c.h; path = Arcane.h; sourceTree = "<group>"; };
		3EA41E83295761A80076FCDD /* doxygen */ = {isa = PBXFileReference; lastKnownFileType = folder; path = doxygen; sourceTree = "<group>"; };
		3EA41E84295761A80076FCDD /* LEVEL4.txt */ = {isa = PBXFileReference; fileEncoding = 4; lastKnownFileType = text; path = LEVEL4.txt; sourceTree = "<group>"; };
		3EA41E85295761A90076FCDD /* Menu.h */ = {isa = PBXFileReference; fileEncoding = 4; lastKnownFileType = sourcecode.c.h; path = Menu.h; sourceTree = "<group>"; };
		3EA41E86295761A90076FCDD /* CaveMan */ = {isa = PBXFileReference; lastKnownFileType = folder; path = CaveMan; sourceTree = "<group>"; };
		3EA41E87295761A90076FCDD /* SelectScene */ = {isa = PBXFileReference; lastKnownFileType = folder; path = SelectScene; sourceTree = "<group>"; };
		3EA41E88295761A90076FCDD /* DemonNijia.h */ = {isa = PBXFileReference; fileEncoding = 4; lastKnownFileType = sourcecode.c.h; path = DemonNijia.h; sourceTree = "<group>"; };
		3EA41E89295761A90076FCDD /* Dancing.otf */ = {isa = PBXFileReference; lastKnownFileType = file; path = Dancing.otf; sourceTree = "<group>"; };
		3EA41E8A295761A90076FCDD /* Arrow.wav */ = {isa = PBXFileReference; lastKnownFileType = audio.wav; path = Arrow.wav; sourceTree = "<group>"; };
		3EA41E8B295761A90076FCDD /* Claw */ = {isa = PBXFileReference; lastKnownFileType = folder; path = Claw; sourceTree = "<group>"; };
		3EA41E8C295761A90076FCDD /* Bebas.ttf */ = {isa = PBXFileReference; lastKnownFileType = file; path = Bebas.ttf; sourceTree = "<group>"; };
		3EA41E8D295761A90076FCDD /* SettingScene */ = {isa = PBXFileReference; lastKnownFileType = folder; path = SettingScene; sourceTree = "<group>"; };
		3EA41E8E295761A90076FCDD /* RedDragon */ = {isa = PBXFileReference; lastKnownFileType = folder; path = RedDragon; sourceTree = "<group>"; };
		3EA41E8F295761A90076FCDD /* Monster.cpp */ = {isa = PBXFileReference; fileEncoding = 4; lastKnownFileType = sourcecode.cpp.cpp; path = Monster.cpp; sourceTree = "<group>"; };
		3EA41E90295761AA0076FCDD /* TowerGame.cbp */ = {isa = PBXFileReference; fileEncoding = 4; lastKnownFileType = text.xml; path = TowerGame.cbp; sourceTree = "<group>"; };
		3EA41E91295761AA0076FCDD /* Level.cpp */ = {isa = PBXFileReference; fileEncoding = 4; lastKnownFileType = sourcecode.cpp.cpp; path = Level.cpp; sourceTree = "<group>"; };
		3EA41E92295761AA0076FCDD /* Tower.cpp */ = {isa = PBXFileReference; fileEncoding = 4; lastKnownFileType = sourcecode.cpp.cpp; path = Tower.cpp; sourceTree = "<group>"; };
		3EA41E93295761AA0076FCDD /* Storm.h */ = {isa = PBXFileReference; fileEncoding = 4; lastKnownFileType = sourcecode.c.h; path = Storm.h; sourceTree = "<group>"; };
		3EA41E94295761AA0076FCDD /* global.cpp */ = {isa = PBXFileReference; fileEncoding = 4; lastKnownFileType = sourcecode.cpp.cpp; path = global.cpp; sourceTree = "<group>"; };
		3EA41E95295761AA0076FCDD /* DemonNijia */ = {isa = PBXFileReference; lastKnownFileType = folder; path = DemonNijia; sourceTree = "<group>"; };
		3EA41E96295761AA0076FCDD /* Slider.cpp */ = {isa = PBXFileReference; fileEncoding = 4; lastKnownFileType = sourcecode.cpp.cpp; path = Slider.cpp; sourceTree = "<group>"; };
		3EA41E97295761AA0076FCDD /* pirulen.ttf */ = {isa = PBXFileReference; lastKnownFileType = file; path = pirulen.ttf; sourceTree = "<group>"; };
		3EA41E98295761AA0076FCDD /* Attack.cpp */ = {isa = PBXFileReference; fileEncoding = 4; lastKnownFileType = sourcecode.cpp.cpp; path = Attack.cpp; sourceTree = "<group>"; };
		3EA41E99295761AA0076FCDD /* global.h */ = {isa = PBXFileReference; fileEncoding = 4; lastKnownFileType = sourcecode.c.h; path = global.h; sourceTree = "<group>"; };
		3EA41E9A295761AB0076FCDD /* note.txt */ = {isa = PBXFileReference; fileEncoding = 4; lastKnownFileType = text; path = note.txt; sourceTree = "<group>"; };
		3EA41E9B295761AB0076FCDD /* LEVEL2.txt */ = {isa = PBXFileReference; fileEncoding = 4; lastKnownFileType = text; path = LEVEL2.txt; sourceTree = "<group>"; };
		3EA41E9C295761AB0076FCDD /* obj */ = {isa = PBXFileReference; lastKnownFileType = folder; path = obj; sourceTree = "<group>"; };
		3EA41E9D295761AB0076FCDD /* Slider.h */ = {isa = PBXFileReference; fileEncoding = 4; lastKnownFileType = sourcecode.c.h; path = Slider.h; sourceTree = "<group>"; };
		3EA41E9E295761AB0076FCDD /* StartBackground.jpg */ = {isa = PBXFileReference; lastKnownFileType = image.jpeg; path = StartBackground.jpg; sourceTree = "<group>"; };
		3EA41E9F295761AC0076FCDD /* Tower.h */ = {isa = PBXFileReference; fileEncoding = 4; lastKnownFileType = sourcecode.c.h; path = Tower.h; sourceTree = "<group>"; };
		3EA41EA0295761AC0076FCDD /* BackgroundMusic.ogg */ = {isa = PBXFileReference; lastKnownFileType = file; path = BackgroundMusic.ogg; sourceTree = "<group>"; };
		3EA41EA1295761AC0076FCDD /* level_fail.wav */ = {isa = PBXFileReference; lastKnownFileType = audio.wav; path = level_fail.wav; sourceTree = "<group>"; };
		3EA41EA2295761AC0076FCDD /* Wolf */ = {isa = PBXFileReference; lastKnownFileType = folder; path = Wolf; sourceTree = "<group>"; };
		3EA41EA3295761AC0076FCDD /* WolfKnight.h */ = {isa = PBXFileReference; fileEncoding = 4; lastKnownFileType = sourcecode.c.h; path = WolfKnight.h; sourceTree = "<group>"; };
		3EA41EA4295761AC0076FCDD /* map.jpg */ = {isa = PBXFileReference; lastKnownFileType = image.jpeg; path = map.jpg; sourceTree = "<group>"; };
		3EA41EA5295761AC0076FCDD /* Circle.cpp */ = {isa = PBXFileReference; fileEncoding = 4; lastKnownFileType = sourcecode.cpp.cpp; path = Circle.cpp; sourceTree = "<group>"; };
		3EA41EA6295761AC0076FCDD /* Menu.cpp */ = {isa = PBXFileReference; fileEncoding = 4; lastKnownFileType = sourcecode.cpp.cpp; path = Menu.cpp; sourceTree = "<group>"; };
		3EA41EA7295761AC0076FCDD /* WolfKnight */ = {isa = PBXFileReference; lastKnownFileType = folder; path = WolfKnight; sourceTree = "<group>"; };
		3EA41EA8295761AD0076FCDD /* Tower */ = {isa = PBXFileReference; lastKnownFileType = folder; path = Tower; sourceTree = "<group>"; };
		3EA41EA9295761AD0076FCDD /* GameWindow.h */ = {isa = PBXFileReference; fileEncoding = 4; lastKnownFileType = sourcecode.c.h; path = GameWindow.h; sourceTree = "<group>"; };
		3EA41EAA295761AD0076FCDD /* CaveMan.h */ = {isa = PBXFileReference; fileEncoding = 4; lastKnownFileType = sourcecode.c.h; path = CaveMan.h; sourceTree = "<group>"; };
		3EA41EAB295761AD0076FCDD /* GameWindow.cpp */ = {isa = PBXFileReference; fileEncoding = 4; lastKnownFileType = sourcecode.cpp.cpp; path = GameWindow.cpp; sourceTree = "<group>"; };
		3EA41EAC295761AD0076FCDD /* Circle.h */ = {isa = PBXFileReference; fileEncoding = 4; lastKnownFileType = sourcecode.c.h; path = Circle.h; sourceTree = "<group>"; };
		3EA41EAD295761AD0076FCDD /* BlackDragon */ = {isa = PBXFileReference; lastKnownFileType = folder; path = BlackDragon; sourceTree = "<group>"; };
		3EA41EAE295761AD0076FCDD /* Material */ = {isa = PBXFileReference; lastKnownFileType = folder; path = Material; sourceTree = "<group>"; };
		3EA41EAF295761AD0076FCDD /* Object.h */ = {isa = PBXFileReference; fileEncoding = 4; lastKnownFileType = sourcecode.c.h; path = Object.h; sourceTree = "<group>"; };
		3EA41EB0295761AE0076FCDD /* Monster.h */ = {isa = PBXFileReference; fileEncoding = 4; lastKnownFileType = sourcecode.c.h; path = Monster.h; sourceTree = "<group>"; };
		3EA41EB1295761AE0076FCDD /* Wolf.h */ = {isa = PBXFileReference; fileEncoding = 4; lastKnownFileType = sourcecode.c.h; path = Wolf.h; sourceTree = "<group>"; };
		3EA41EB2295761AE0076FCDD /* icon.png */ = {isa = PBXFileReference; lastKnownFileType = image.png; path = icon.png; sourceTree = "<group>"; };
		3EA41EB3295761AE0076FCDD /* growl.wav */ = {isa = PBXFileReference; lastKnownFileType = audio.wav; path = growl.wav; sourceTree = "<group>"; };
		3EA41EB4295761AE0076FCDD /* Canon.h */ = {isa = PBXFileReference; fileEncoding = 4; lastKnownFileType = sourcecode.c.h; path = Canon.h; sourceTree = "<group>"; };
		3EA41EB5295761AE0076FCDD /* Main.cpp */ = {isa = PBXFileReference; fileEncoding = 4; lastKnownFileType = sourcecode.cpp.cpp; path = Main.cpp; sourceTree = "<group>"; };
		3EA41EB6295761AE0076FCDD /* Level.h */ = {isa = PBXFileReference; fileEncoding = 4; lastKnownFileType = sourcecode.c.h; path = Level.h; sourceTree = "<group>"; };
		3EA41EB7295761AE0076FCDD /* Attack.h */ = {isa = PBXFileReference; fileEncoding = 4; lastKnownFileType = sourcecode.c.h; path = Attack.h; sourceTree = "<group>"; };
		3EA41EB8295761AE0076FCDD /* level_clear.wav */ = {isa = PBXFileReference; lastKnownFileType = audio.wav; path = level_clear.wav; sourceTree = "<group>"; };
		3EA41EB9295761AE0076FCDD /* Eagle */ = {isa = PBXFileReference; lastKnownFileType = folder; path = Eagle; sourceTree = "<group>"; };
		3EA41EBA295761AE0076FCDD /* Poison.h */ = {isa = PBXFileReference; fileEncoding = 4; lastKnownFileType = sourcecode.c.h; path = Poison.h; sourceTree = "<group>"; };
		3EA41EBB295761AE0076FCDD /* map_small.jpg */ = {isa = PBXFileReference; lastKnownFileType = image.jpeg; path = map_small.jpg; sourceTree = "<group>"; };
		3EA41EBC295761AF0076FCDD /* StartScene */ = {isa = PBXFileReference; lastKnownFileType = folder; path = StartScene; sourceTree = "<group>"; };
		3EA41EBD295761AF0076FCDD /* LEVEL1.txt */ = {isa = PBXFileReference; fileEncoding = 4; lastKnownFileType = text; path = LEVEL1.txt; sourceTree = "<group>"; };
		3EA41EBE295761AF0076FCDD /* Caviar_Dreams_Bold.ttf */ = {isa = PBXFileReference; lastKnownFileType = file; path = Caviar_Dreams_Bold.ttf; sourceTree = "<group>"; };
		3EA41EBF295761AF0076FCDD /* Archer.h */ = {isa = PBXFileReference; fileEncoding = 4; lastKnownFileType = sourcecode.c.h; path = Archer.h; sourceTree = "<group>"; };
		3EA41EC0295761AF0076FCDD /* LEVEL3.txt */ = {isa = PBXFileReference; fileEncoding = 4; lastKnownFileType = text; path = LEVEL3.txt; sourceTree = "<group>"; };
/* End PBXFileReference section */

/* Begin PBXFrameworksBuildPhase section */
		3EA41E242957602B0076FCDD /* Frameworks */ = {
			isa = PBXFrameworksBuildPhase;
			buildActionMask = 2147483647;
			files = (
				3EA41E6D2957613F0076FCDD /* liballegro_acodec.5.2.9.dylib in Frameworks */,
				3EA41E73295761420076FCDD /* liballegro_dialog.5.2.9.dylib in Frameworks */,
				3EA41E79295761470076FCDD /* liballegro_font.5.2.9.dylib in Frameworks */,
				3EA41E692957613E0076FCDD /* liballegro_audio.5.2.9.dylib in Frameworks */,
				3EA41E7B295761480076FCDD /* liballegro_primitives.5.2.9.dylib in Frameworks */,
				3EA41E77295761450076FCDD /* liballegro_image.5.2.9.dylib in Frameworks */,
				3EA41E7D2957614A0076FCDD /* liballegro_physfs.5.2.9.dylib in Frameworks */,
				3EA41E672957613E0076FCDD /* liballegro_main.5.2.9.dylib in Frameworks */,
				3EA41E6F295761400076FCDD /* liballegro_ttf.5.2.9.dylib in Frameworks */,
				3EA41E6B2957613F0076FCDD /* liballegro_color.5.2.9.dylib in Frameworks */,
				3EA41E71295761410076FCDD /* liballegro_video.5.2.9.dylib in Frameworks */,
				3EA41E7F2957614D0076FCDD /* liballegro_memfile.5.2.9.dylib in Frameworks */,
				3EA41E75295761430076FCDD /* liballegro.5.2.9.dylib in Frameworks */,
			);
			runOnlyForDeploymentPostprocessing = 0;
		};
		3EA41E392957602D0076FCDD /* Frameworks */ = {
			isa = PBXFrameworksBuildPhase;
			buildActionMask = 2147483647;
			files = (
			);
			runOnlyForDeploymentPostprocessing = 0;
		};
		3EA41E432957602D0076FCDD /* Frameworks */ = {
			isa = PBXFrameworksBuildPhase;
			buildActionMask = 2147483647;
			files = (
			);
			runOnlyForDeploymentPostprocessing = 0;
		};
/* End PBXFrameworksBuildPhase section */

/* Begin PBXGroup section */
		3EA41E1E2957602B0076FCDD = {
			isa = PBXGroup;
			children = (
				3EA41E292957602B0076FCDD /* BBW */,
				3EA41E282957602B0076FCDD /* Products */,
				3EA41E59295761390076FCDD /* Frameworks */,
			);
			sourceTree = "<group>";
		};
		3EA41E282957602B0076FCDD /* Products */ = {
			isa = PBXGroup;
			children = (
				3EA41E272957602B0076FCDD /* BBW.app */,
				3EA41E3C2957602D0076FCDD /* BBWTests.xctest */,
				3EA41E462957602D0076FCDD /* BBWUITests.xctest */,
			);
			name = Products;
			sourceTree = "<group>";
		};
		3EA41E292957602B0076FCDD /* BBW */ = {
			isa = PBXGroup;
			children = (
				3E2E1D58295E1EA800AF5BDF /* box.png */,
				3E2E1D5A295E1EA800AF5BDF /* tree.png */,
				3E2E1D59295E1EA800AF5BDF /* wall.png */,
				3EA41E82295761A80076FCDD /* Arcane.h */,
				3EA41EBF295761AF0076FCDD /* Archer.h */,
				3EA41E8A295761A90076FCDD /* Arrow.wav */,
				3EA41E98295761AA0076FCDD /* Attack.cpp */,
				3EA41EB7295761AE0076FCDD /* Attack.h */,
				3EA41EA0295761AC0076FCDD /* BackgroundMusic.ogg */,
				3EA41E8C295761A90076FCDD /* Bebas.ttf */,
				3EA41EAD295761AD0076FCDD /* BlackDragon */,
				3EA41EB4295761AE0076FCDD /* Canon.h */,
				3EA41E86295761A90076FCDD /* CaveMan */,
				3EA41EAA295761AD0076FCDD /* CaveMan.h */,
				3EA41EBE295761AF0076FCDD /* Caviar_Dreams_Bold.ttf */,
				3EA41EA5295761AC0076FCDD /* Circle.cpp */,
				3EA41EAC295761AD0076FCDD /* Circle.h */,
				3EA41E8B295761A90076FCDD /* Claw */,
				3EA41E89295761A90076FCDD /* Dancing.otf */,
				3EA41E95295761AA0076FCDD /* DemonNijia */,
				3EA41E88295761A90076FCDD /* DemonNijia.h */,
				3EA41E83295761A80076FCDD /* doxygen */,
				3EA41EB9295761AE0076FCDD /* Eagle */,
				3EA41EAB295761AD0076FCDD /* GameWindow.cpp */,
				3EA41EA9295761AD0076FCDD /* GameWindow.h */,
				3EA41E94295761AA0076FCDD /* global.cpp */,
				3EA41E99295761AA0076FCDD /* global.h */,
				3EA41EB3295761AE0076FCDD /* growl.wav */,
				3EA41EB2295761AE0076FCDD /* icon.png */,
				3EA41EB8295761AE0076FCDD /* level_clear.wav */,
				3EA41EA1295761AC0076FCDD /* level_fail.wav */,
				3EA41E91295761AA0076FCDD /* Level.cpp */,
				3EA41EB6295761AE0076FCDD /* Level.h */,
				3EA41EBD295761AF0076FCDD /* LEVEL1.txt */,
				3EA41E9B295761AB0076FCDD /* LEVEL2.txt */,
				3EA41EC0295761AF0076FCDD /* LEVEL3.txt */,
				3EA41E84295761A80076FCDD /* LEVEL4.txt */,
				3EA41EB5295761AE0076FCDD /* Main.cpp */,
				3EA41EBB295761AE0076FCDD /* map_small.jpg */,
				3EA41EA4295761AC0076FCDD /* map.jpg */,
				3EA41EAE295761AD0076FCDD /* Material */,
				3EA41EA6295761AC0076FCDD /* Menu.cpp */,
				3EA41E85295761A90076FCDD /* Menu.h */,
				3EA41E8F295761A90076FCDD /* Monster.cpp */,
				3EA41EB0295761AE0076FCDD /* Monster.h */,
				3EA41E9A295761AB0076FCDD /* note.txt */,
				3EA41E9C295761AB0076FCDD /* obj */,
				3EA41EAF295761AD0076FCDD /* Object.h */,
				3EA41E97295761AA0076FCDD /* pirulen.ttf */,
				3EA41EBA295761AE0076FCDD /* Poison.h */,
				3EA41E8E295761A90076FCDD /* RedDragon */,
				3EA41E87295761A90076FCDD /* SelectScene */,
				3EA41E8D295761A90076FCDD /* SettingScene */,
				3EA41E96295761AA0076FCDD /* Slider.cpp */,
				3EA41E9D295761AB0076FCDD /* Slider.h */,
				3EA41E9E295761AB0076FCDD /* StartBackground.jpg */,
				3EA41EBC295761AF0076FCDD /* StartScene */,
				3EA41E93295761AA0076FCDD /* Storm.h */,
				3EA41EA8295761AD0076FCDD /* Tower */,
				3EA41E92295761AA0076FCDD /* Tower.cpp */,
				3EA41E9F295761AC0076FCDD /* Tower.h */,
				3EA41E90295761AA0076FCDD /* TowerGame.cbp */,
				3EA41EA2295761AC0076FCDD /* Wolf */,
				3EA41EB1295761AE0076FCDD /* Wolf.h */,
				3EA41EA7295761AC0076FCDD /* WolfKnight */,
				3EA41EA3295761AC0076FCDD /* WolfKnight.h */,
				3EA41E302957602C0076FCDD /* Assets.xcassets */,
				3EA41E322957602D0076FCDD /* Main.storyboard */,
				3EA41E372957602D0076FCDD /* BBW.entitlements */,
			);
			path = BBW;
			sourceTree = "<group>";
		};
		3EA41E59295761390076FCDD /* Frameworks */ = {
			isa = PBXGroup;
			children = (
				3EA41E5D2957613A0076FCDD /* liballegro_acodec.5.2.9.dylib */,
				3EA41E5B295761390076FCDD /* liballegro_audio.5.2.9.dylib */,
				3EA41E5C2957613A0076FCDD /* liballegro_color.5.2.9.dylib */,
				3EA41E602957613B0076FCDD /* liballegro_dialog.5.2.9.dylib */,
				3EA41E632957613D0076FCDD /* liballegro_font.5.2.9.dylib */,
				3EA41E622957613C0076FCDD /* liballegro_image.5.2.9.dylib */,
				3EA41E5A295761390076FCDD /* liballegro_main.5.2.9.dylib */,
				3EA41E662957613E0076FCDD /* liballegro_memfile.5.2.9.dylib */,
				3EA41E652957613D0076FCDD /* liballegro_physfs.5.2.9.dylib */,
				3EA41E642957613D0076FCDD /* liballegro_primitives.5.2.9.dylib */,
				3EA41E5E2957613B0076FCDD /* liballegro_ttf.5.2.9.dylib */,
				3EA41E5F2957613B0076FCDD /* liballegro_video.5.2.9.dylib */,
				3EA41E612957613C0076FCDD /* liballegro.5.2.9.dylib */,
			);
			name = Frameworks;
			sourceTree = "<group>";
		};
/* End PBXGroup section */

/* Begin PBXNativeTarget section */
		3EA41E262957602B0076FCDD /* BBW */ = {
			isa = PBXNativeTarget;
			buildConfigurationList = 3EA41E502957602D0076FCDD /* Build configuration list for PBXNativeTarget "BBW" */;
			buildPhases = (
				3EA41E232957602B0076FCDD /* Sources */,
				3EA41E242957602B0076FCDD /* Frameworks */,
				3EA41E252957602B0076FCDD /* Resources */,
				3EA41E812957614F0076FCDD /* Embed Libraries */,
			);
			buildRules = (
			);
			dependencies = (
			);
			name = BBW;
			productName = BBW;
			productReference = 3EA41E272957602B0076FCDD /* BBW.app */;
			productType = "com.apple.product-type.application";
		};
		3EA41E3B2957602D0076FCDD /* BBWTests */ = {
			isa = PBXNativeTarget;
			buildConfigurationList = 3EA41E532957602D0076FCDD /* Build configuration list for PBXNativeTarget "BBWTests" */;
			buildPhases = (
				3EA41E382957602D0076FCDD /* Sources */,
				3EA41E392957602D0076FCDD /* Frameworks */,
				3EA41E3A2957602D0076FCDD /* Resources */,
			);
			buildRules = (
			);
			dependencies = (
				3EA41E3E2957602D0076FCDD /* PBXTargetDependency */,
			);
			name = BBWTests;
			productName = BBWTests;
			productReference = 3EA41E3C2957602D0076FCDD /* BBWTests.xctest */;
			productType = "com.apple.product-type.bundle.unit-test";
		};
		3EA41E452957602D0076FCDD /* BBWUITests */ = {
			isa = PBXNativeTarget;
			buildConfigurationList = 3EA41E562957602D0076FCDD /* Build configuration list for PBXNativeTarget "BBWUITests" */;
			buildPhases = (
				3EA41E422957602D0076FCDD /* Sources */,
				3EA41E432957602D0076FCDD /* Frameworks */,
				3EA41E442957602D0076FCDD /* Resources */,
			);
			buildRules = (
			);
			dependencies = (
				3EA41E482957602D0076FCDD /* PBXTargetDependency */,
			);
			name = BBWUITests;
			productName = BBWUITests;
			productReference = 3EA41E462957602D0076FCDD /* BBWUITests.xctest */;
			productType = "com.apple.product-type.bundle.ui-testing";
		};
/* End PBXNativeTarget section */

/* Begin PBXProject section */
		3EA41E1F2957602B0076FCDD /* Project object */ = {
			isa = PBXProject;
			attributes = {
				BuildIndependentTargetsInParallel = 1;
				LastUpgradeCheck = 1420;
				TargetAttributes = {
					3EA41E262957602B0076FCDD = {
						CreatedOnToolsVersion = 14.2;
					};
					3EA41E3B2957602D0076FCDD = {
						CreatedOnToolsVersion = 14.2;
						TestTargetID = 3EA41E262957602B0076FCDD;
					};
					3EA41E452957602D0076FCDD = {
						CreatedOnToolsVersion = 14.2;
						TestTargetID = 3EA41E262957602B0076FCDD;
					};
				};
			};
			buildConfigurationList = 3EA41E222957602B0076FCDD /* Build configuration list for PBXProject "BBW" */;
			compatibilityVersion = "Xcode 14.0";
			developmentRegion = en;
			hasScannedForEncodings = 0;
			knownRegions = (
				en,
				Base,
			);
			mainGroup = 3EA41E1E2957602B0076FCDD;
			productRefGroup = 3EA41E282957602B0076FCDD /* Products */;
			projectDirPath = "";
			projectRoot = "";
			targets = (
				3EA41E262957602B0076FCDD /* BBW */,
				3EA41E3B2957602D0076FCDD /* BBWTests */,
				3EA41E452957602D0076FCDD /* BBWUITests */,
			);
		};
/* End PBXProject section */

/* Begin PBXResourcesBuildPhase section */
		3EA41E252957602B0076FCDD /* Resources */ = {
			isa = PBXResourcesBuildPhase;
			buildActionMask = 2147483647;
			files = (
				3EA41ED6295761AF0076FCDD /* obj in Resources */,
				3EA41EC6295761AF0076FCDD /* Arrow.wav in Resources */,
				3EA41EC3295761AF0076FCDD /* CaveMan in Resources */,
				3EA41EE7295761AF0076FCDD /* Eagle in Resources */,
				3E2E1D5B295E1EA900AF5BDF /* box.png in Resources */,
				3EA41ED5295761AF0076FCDD /* LEVEL2.txt in Resources */,
				3EA41EC8295761AF0076FCDD /* Bebas.ttf in Resources */,
				3EA41EE1295761AF0076FCDD /* BlackDragon in Resources */,
				3EA41EEA295761AF0076FCDD /* LEVEL1.txt in Resources */,
				3EA41EE2295761AF0076FCDD /* Material in Resources */,
				3EA41EDB295761AF0076FCDD /* map.jpg in Resources */,
				3EA41EE3295761AF0076FCDD /* icon.png in Resources */,
				3EA41EC4295761AF0076FCDD /* SelectScene in Resources */,
				3EA41EC7295761AF0076FCDD /* Claw in Resources */,
				3EA41EC5295761AF0076FCDD /* Dancing.otf in Resources */,
				3EA41EE9295761AF0076FCDD /* StartScene in Resources */,
				3EA41EEC295761AF0076FCDD /* LEVEL3.txt in Resources */,
				3EA41EC2295761AF0076FCDD /* LEVEL4.txt in Resources */,
				3EA41ED2295761AF0076FCDD /* pirulen.ttf in Resources */,
				3EA41EDA295761AF0076FCDD /* Wolf in Resources */,
				3EA41ECC295761AF0076FCDD /* TowerGame.cbp in Resources */,
				3EA41ED0295761AF0076FCDD /* DemonNijia in Resources */,
				3EA41EE8295761AF0076FCDD /* map_small.jpg in Resources */,
				3E2E1D5D295E1EA900AF5BDF /* tree.png in Resources */,
				3EA41EC1295761AF0076FCDD /* doxygen in Resources */,
				3EA41EEB295761AF0076FCDD /* Caviar_Dreams_Bold.ttf in Resources */,
				3EA41EDE295761AF0076FCDD /* WolfKnight in Resources */,
				3EA41E312957602C0076FCDD /* Assets.xcassets in Resources */,
				3EA41ED9295761AF0076FCDD /* level_fail.wav in Resources */,
				3EA41EE6295761AF0076FCDD /* level_clear.wav in Resources */,
				3EA41ED7295761AF0076FCDD /* StartBackground.jpg in Resources */,
				3EA41ED8295761AF0076FCDD /* BackgroundMusic.ogg in Resources */,
				3E2E1D5C295E1EA900AF5BDF /* wall.png in Resources */,
				3EA41ED4295761AF0076FCDD /* note.txt in Resources */,
				3EA41EC9295761AF0076FCDD /* SettingScene in Resources */,
				3EA41EDF295761AF0076FCDD /* Tower in Resources */,
				3EA41E342957602D0076FCDD /* Main.storyboard in Resources */,
				3EA41ECA295761AF0076FCDD /* RedDragon in Resources */,
				3EA41EE4295761AF0076FCDD /* growl.wav in Resources */,
			);
			runOnlyForDeploymentPostprocessing = 0;
		};
		3EA41E3A2957602D0076FCDD /* Resources */ = {
			isa = PBXResourcesBuildPhase;
			buildActionMask = 2147483647;
			files = (
			);
			runOnlyForDeploymentPostprocessing = 0;
		};
		3EA41E442957602D0076FCDD /* Resources */ = {
			isa = PBXResourcesBuildPhase;
			buildActionMask = 2147483647;
			files = (
			);
			runOnlyForDeploymentPostprocessing = 0;
		};
/* End PBXResourcesBuildPhase section */

/* Begin PBXSourcesBuildPhase section */
		3EA41E232957602B0076FCDD /* Sources */ = {
			isa = PBXSourcesBuildPhase;
			buildActionMask = 2147483647;
			files = (
				3EA41EDC295761AF0076FCDD /* Circle.cpp in Sources */,
				3EA41ECF295761AF0076FCDD /* global.cpp in Sources */,
				3EA41ECE295761AF0076FCDD /* Tower.cpp in Sources */,
				3EA41ECD295761AF0076FCDD /* Level.cpp in Sources */,
				3EA41EE5295761AF0076FCDD /* Main.cpp in Sources */,
				3EA41ED1295761AF0076FCDD /* Slider.cpp in Sources */,
				3EA41ECB295761AF0076FCDD /* Monster.cpp in Sources */,
				3EA41EDD295761AF0076FCDD /* Menu.cpp in Sources */,
				3EA41EE0295761AF0076FCDD /* GameWindow.cpp in Sources */,
				3EA41ED3295761AF0076FCDD /* Attack.cpp in Sources */,
			);
			runOnlyForDeploymentPostprocessing = 0;
		};
		3EA41E382957602D0076FCDD /* Sources */ = {
			isa = PBXSourcesBuildPhase;
			buildActionMask = 2147483647;
			files = (
			);
			runOnlyForDeploymentPostprocessing = 0;
		};
		3EA41E422957602D0076FCDD /* Sources */ = {
			isa = PBXSourcesBuildPhase;
			buildActionMask = 2147483647;
			files = (
			);
			runOnlyForDeploymentPostprocessing = 0;
		};
/* End PBXSourcesBuildPhase section */

/* Begin PBXTargetDependency section */
		3EA41E3E2957602D0076FCDD /* PBXTargetDependency */ = {
			isa = PBXTargetDependency;
			target = 3EA41E262957602B0076FCDD /* BBW */;
			targetProxy = 3EA41E3D2957602D0076FCDD /* PBXContainerItemProxy */;
		};
		3EA41E482957602D0076FCDD /* PBXTargetDependency */ = {
			isa = PBXTargetDependency;
			target = 3EA41E262957602B0076FCDD /* BBW */;
			targetProxy = 3EA41E472957602D0076FCDD /* PBXContainerItemProxy */;
		};
/* End PBXTargetDependency section */

/* Begin PBXVariantGroup section */
		3EA41E322957602D0076FCDD /* Main.storyboard */ = {
			isa = PBXVariantGroup;
			children = (
				3EA41E332957602D0076FCDD /* Base */,
			);
			name = Main.storyboard;
			sourceTree = "<group>";
		};
/* End PBXVariantGroup section */

/* Begin XCBuildConfiguration section */
		3EA41E4E2957602D0076FCDD /* Debug */ = {
			isa = XCBuildConfiguration;
			buildSettings = {
				ALWAYS_SEARCH_USER_PATHS = NO;
				CLANG_ANALYZER_NONNULL = YES;
				CLANG_ANALYZER_NUMBER_OBJECT_CONVERSION = YES_AGGRESSIVE;
				CLANG_CXX_LANGUAGE_STANDARD = "gnu++20";
				CLANG_ENABLE_MODULES = YES;
				CLANG_ENABLE_OBJC_ARC = YES;
				CLANG_ENABLE_OBJC_WEAK = YES;
				CLANG_WARN_BLOCK_CAPTURE_AUTORELEASING = YES;
				CLANG_WARN_BOOL_CONVERSION = YES;
				CLANG_WARN_COMMA = YES;
				CLANG_WARN_CONSTANT_CONVERSION = YES;
				CLANG_WARN_DEPRECATED_OBJC_IMPLEMENTATIONS = YES;
				CLANG_WARN_DIRECT_OBJC_ISA_USAGE = YES_ERROR;
				CLANG_WARN_DOCUMENTATION_COMMENTS = YES;
				CLANG_WARN_EMPTY_BODY = YES;
				CLANG_WARN_ENUM_CONVERSION = YES;
				CLANG_WARN_INFINITE_RECURSION = YES;
				CLANG_WARN_INT_CONVERSION = YES;
				CLANG_WARN_NON_LITERAL_NULL_CONVERSION = YES;
				CLANG_WARN_OBJC_IMPLICIT_RETAIN_SELF = YES;
				CLANG_WARN_OBJC_LITERAL_CONVERSION = YES;
				CLANG_WARN_OBJC_ROOT_CLASS = YES_ERROR;
				CLANG_WARN_QUOTED_INCLUDE_IN_FRAMEWORK_HEADER = YES;
				CLANG_WARN_RANGE_LOOP_ANALYSIS = YES;
				CLANG_WARN_STRICT_PROTOTYPES = YES;
				CLANG_WARN_SUSPICIOUS_MOVE = YES;
				CLANG_WARN_UNGUARDED_AVAILABILITY = YES_AGGRESSIVE;
				CLANG_WARN_UNREACHABLE_CODE = YES;
				CLANG_WARN__DUPLICATE_METHOD_MATCH = YES;
				COPY_PHASE_STRIP = NO;
				DEBUG_INFORMATION_FORMAT = dwarf;
				ENABLE_STRICT_OBJC_MSGSEND = YES;
				ENABLE_TESTABILITY = YES;
				GCC_C_LANGUAGE_STANDARD = gnu11;
				GCC_DYNAMIC_NO_PIC = NO;
				GCC_NO_COMMON_BLOCKS = YES;
				GCC_OPTIMIZATION_LEVEL = 0;
				GCC_PREPROCESSOR_DEFINITIONS = (
					"DEBUG=1",
					"$(inherited)",
				);
				GCC_WARN_64_TO_32_BIT_CONVERSION = YES;
				GCC_WARN_ABOUT_RETURN_TYPE = YES_ERROR;
				GCC_WARN_UNDECLARED_SELECTOR = YES;
				GCC_WARN_UNINITIALIZED_AUTOS = YES_AGGRESSIVE;
				GCC_WARN_UNUSED_FUNCTION = YES;
				GCC_WARN_UNUSED_VARIABLE = YES;
				MACOSX_DEPLOYMENT_TARGET = 13.1;
				MTL_ENABLE_DEBUG_INFO = INCLUDE_SOURCE;
				MTL_FAST_MATH = YES;
				ONLY_ACTIVE_ARCH = YES;
				SDKROOT = macosx;
			};
			name = Debug;
		};
		3EA41E4F2957602D0076FCDD /* Release */ = {
			isa = XCBuildConfiguration;
			buildSettings = {
				ALWAYS_SEARCH_USER_PATHS = NO;
				CLANG_ANALYZER_NONNULL = YES;
				CLANG_ANALYZER_NUMBER_OBJECT_CONVERSION = YES_AGGRESSIVE;
				CLANG_CXX_LANGUAGE_STANDARD = "gnu++20";
				CLANG_ENABLE_MODULES = YES;
				CLANG_ENABLE_OBJC_ARC = YES;
				CLANG_ENABLE_OBJC_WEAK = YES;
				CLANG_WARN_BLOCK_CAPTURE_AUTORELEASING = YES;
				CLANG_WARN_BOOL_CONVERSION = YES;
				CLANG_WARN_COMMA = YES;
				CLANG_WARN_CONSTANT_CONVERSION = YES;
				CLANG_WARN_DEPRECATED_OBJC_IMPLEMENTATIONS = YES;
				CLANG_WARN_DIRECT_OBJC_ISA_USAGE = YES_ERROR;
				CLANG_WARN_DOCUMENTATION_COMMENTS = YES;
				CLANG_WARN_EMPTY_BODY = YES;
				CLANG_WARN_ENUM_CONVERSION = YES;
				CLANG_WARN_INFINITE_RECURSION = YES;
				CLANG_WARN_INT_CONVERSION = YES;
				CLANG_WARN_NON_LITERAL_NULL_CONVERSION = YES;
				CLANG_WARN_OBJC_IMPLICIT_RETAIN_SELF = YES;
				CLANG_WARN_OBJC_LITERAL_CONVERSION = YES;
				CLANG_WARN_OBJC_ROOT_CLASS = YES_ERROR;
				CLANG_WARN_QUOTED_INCLUDE_IN_FRAMEWORK_HEADER = YES;
				CLANG_WARN_RANGE_LOOP_ANALYSIS = YES;
				CLANG_WARN_STRICT_PROTOTYPES = YES;
				CLANG_WARN_SUSPICIOUS_MOVE = YES;
				CLANG_WARN_UNGUARDED_AVAILABILITY = YES_AGGRESSIVE;
				CLANG_WARN_UNREACHABLE_CODE = YES;
				CLANG_WARN__DUPLICATE_METHOD_MATCH = YES;
				COPY_PHASE_STRIP = NO;
				DEBUG_INFORMATION_FORMAT = "dwarf-with-dsym";
				ENABLE_NS_ASSERTIONS = NO;
				ENABLE_STRICT_OBJC_MSGSEND = YES;
				GCC_C_LANGUAGE_STANDARD = gnu11;
				GCC_NO_COMMON_BLOCKS = YES;
				GCC_WARN_64_TO_32_BIT_CONVERSION = YES;
				GCC_WARN_ABOUT_RETURN_TYPE = YES_ERROR;
				GCC_WARN_UNDECLARED_SELECTOR = YES;
				GCC_WARN_UNINITIALIZED_AUTOS = YES_AGGRESSIVE;
				GCC_WARN_UNUSED_FUNCTION = YES;
				GCC_WARN_UNUSED_VARIABLE = YES;
				MACOSX_DEPLOYMENT_TARGET = 13.1;
				MTL_ENABLE_DEBUG_INFO = NO;
				MTL_FAST_MATH = YES;
				SDKROOT = macosx;
			};
			name = Release;
		};
		3EA41E512957602D0076FCDD /* Debug */ = {
			isa = XCBuildConfiguration;
			buildSettings = {
				ASSETCATALOG_COMPILER_APPICON_NAME = AppIcon;
				ASSETCATALOG_COMPILER_GLOBAL_ACCENT_COLOR_NAME = AccentColor;
				CODE_SIGN_ENTITLEMENTS = BBW/BBW.entitlements;
				CODE_SIGN_STYLE = Automatic;
				COMBINE_HIDPI_IMAGES = YES;
				CURRENT_PROJECT_VERSION = 1;
				GENERATE_INFOPLIST_FILE = YES;
				"HEADER_SEARCH_PATHS[arch=*]" = /usr/local/include;
				INFOPLIST_KEY_NSHumanReadableCopyright = "";
				INFOPLIST_KEY_NSMainStoryboardFile = Main;
				INFOPLIST_KEY_NSPrincipalClass = NSApplication;
				LD_RUNPATH_SEARCH_PATHS = (
					"$(inherited)",
					"@executable_path/../Frameworks",
				);
				"LIBRARY_SEARCH_PATHS[arch=*]" = /usr/local/lib;
				MARKETING_VERSION = 1.0;
				PRODUCT_BUNDLE_IDENTIFIER = com.roger.BBW;
				PRODUCT_NAME = "$(TARGET_NAME)";
				SWIFT_EMIT_LOC_STRINGS = YES;
			};
			name = Debug;
		};
		3EA41E522957602D0076FCDD /* Release */ = {
			isa = XCBuildConfiguration;
			buildSettings = {
				ASSETCATALOG_COMPILER_APPICON_NAME = AppIcon;
				ASSETCATALOG_COMPILER_GLOBAL_ACCENT_COLOR_NAME = AccentColor;
				CODE_SIGN_ENTITLEMENTS = BBW/BBW.entitlements;
				CODE_SIGN_STYLE = Automatic;
				COMBINE_HIDPI_IMAGES = YES;
				CURRENT_PROJECT_VERSION = 1;
				GENERATE_INFOPLIST_FILE = YES;
				"HEADER_SEARCH_PATHS[arch=*]" = /usr/local/include;
				INFOPLIST_KEY_NSHumanReadableCopyright = "";
				INFOPLIST_KEY_NSMainStoryboardFile = Main;
				INFOPLIST_KEY_NSPrincipalClass = NSApplication;
				LD_RUNPATH_SEARCH_PATHS = (
					"$(inherited)",
					"@executable_path/../Frameworks",
				);
				"LIBRARY_SEARCH_PATHS[arch=*]" = /usr/local/lib;
				MARKETING_VERSION = 1.0;
				PRODUCT_BUNDLE_IDENTIFIER = com.roger.BBW;
				PRODUCT_NAME = "$(TARGET_NAME)";
				SWIFT_EMIT_LOC_STRINGS = YES;
			};
			name = Release;
		};
		3EA41E542957602D0076FCDD /* Debug */ = {
			isa = XCBuildConfiguration;
			buildSettings = {
				BUNDLE_LOADER = "$(TEST_HOST)";
				CODE_SIGN_STYLE = Automatic;
				CURRENT_PROJECT_VERSION = 1;
				GENERATE_INFOPLIST_FILE = YES;
				MACOSX_DEPLOYMENT_TARGET = 13.1;
				MARKETING_VERSION = 1.0;
				PRODUCT_BUNDLE_IDENTIFIER = com.roger.BBWTests;
				PRODUCT_NAME = "$(TARGET_NAME)";
				SWIFT_EMIT_LOC_STRINGS = NO;
				TEST_HOST = "$(BUILT_PRODUCTS_DIR)/BBW.app/$(BUNDLE_EXECUTABLE_FOLDER_PATH)/BBW";
			};
			name = Debug;
		};
		3EA41E552957602D0076FCDD /* Release */ = {
			isa = XCBuildConfiguration;
			buildSettings = {
				BUNDLE_LOADER = "$(TEST_HOST)";
				CODE_SIGN_STYLE = Automatic;
				CURRENT_PROJECT_VERSION = 1;
				GENERATE_INFOPLIST_FILE = YES;
				MACOSX_DEPLOYMENT_TARGET = 13.1;
				MARKETING_VERSION = 1.0;
				PRODUCT_BUNDLE_IDENTIFIER = com.roger.BBWTests;
				PRODUCT_NAME = "$(TARGET_NAME)";
				SWIFT_EMIT_LOC_STRINGS = NO;
				TEST_HOST = "$(BUILT_PRODUCTS_DIR)/BBW.app/$(BUNDLE_EXECUTABLE_FOLDER_PATH)/BBW";
			};
			name = Release;
		};
		3EA41E572957602D0076FCDD /* Debug */ = {
			isa = XCBuildConfiguration;
			buildSettings = {
				CODE_SIGN_STYLE = Automatic;
				CURRENT_PROJECT_VERSION = 1;
				GENERATE_INFOPLIST_FILE = YES;
				MARKETING_VERSION = 1.0;
				PRODUCT_BUNDLE_IDENTIFIER = com.roger.BBWUITests;
				PRODUCT_NAME = "$(TARGET_NAME)";
				SWIFT_EMIT_LOC_STRINGS = NO;
				TEST_TARGET_NAME = BBW;
			};
			name = Debug;
		};
		3EA41E582957602D0076FCDD /* Release */ = {
			isa = XCBuildConfiguration;
			buildSettings = {
				CODE_SIGN_STYLE = Automatic;
				CURRENT_PROJECT_VERSION = 1;
				GENERATE_INFOPLIST_FILE = YES;
				MARKETING_VERSION = 1.0;
				PRODUCT_BUNDLE_IDENTIFIER = com.roger.BBWUITests;
				PRODUCT_NAME = "$(TARGET_NAME)";
				SWIFT_EMIT_LOC_STRINGS = NO;
				TEST_TARGET_NAME = BBW;
			};
			name = Release;
		};
/* End XCBuildConfiguration section */

/* Begin XCConfigurationList section */
		3EA41E222957602B0076FCDD /* Build configuration list for PBXProject "BBW" */ = {
			isa = XCConfigurationList;
			buildConfigurations = (
				3EA41E4E2957602D0076FCDD /* Debug */,
				3EA41E4F2957602D0076FCDD /* Release */,
			);
			defaultConfigurationIsVisible = 0;
			defaultConfigurationName = Release;
		};
		3EA41E502957602D0076FCDD /* Build configuration list for PBXNativeTarget "BBW" */ = {
			isa = XCConfigurationList;
			buildConfigurations = (
				3EA41E512957602D0076FCDD /* Debug */,
				3EA41E522957602D0076FCDD /* Release */,
			);
			defaultConfigurationIsVisible = 0;
			defaultConfigurationName = Release;
		};
		3EA41E532957602D0076FCDD /* Build configuration list for PBXNativeTarget "BBWTests" */ = {
			isa = XCConfigurationList;
			buildConfigurations = (
				3EA41E542957602D0076FCDD /* Debug */,
				3EA41E552957602D0076FCDD /* Release */,
			);
			defaultConfigurationIsVisible = 0;
			defaultConfigurationName = Release;
		};
		3EA41E562957602D0076FCDD /* Build configuration list for PBXNativeTarget "BBWUITests" */ = {
			isa = XCConfigurationList;
			buildConfigurations = (
				3EA41E572957602D0076FCDD /* Debug */,
				3EA41E582957602D0076FCDD /* Release */,
			);
			defaultConfigurationIsVisible = 0;
			defaultConfigurationName = Release;
		};
/* End XCConfigurationList section */
	};
	rootObject = 3EA41E1F2957602B0076FCDD /* Project object */;
}
